
Microsoft Visual Studio Solution File, Format Version 12.00
# Visual Studio Version 17
VisualStudioVersion = 17.4.33205.214
MinimumVisualStudioVersion = 10.0.40219.1
Project("{FAE04EC0-301F-11D3-BF4B-00C04F79EFBC}") = "FTPClient", "PBL4\FTPClient.csproj", "{91D43BB6-22A2-4D4F-8531-7E35B5A8B1DA}"
EndProject
Global
	GlobalSection(SolutionConfigurationPlatforms) = preSolution
		Debug|Any CPU = Debug|Any CPU
		Release|Any CPU = Release|Any CPU
	EndGlobalSection
	GlobalSection(ProjectConfigurationPlatforms) = postSolution
		{91D43BB6-22A2-4D4F-8531-7E35B5A8B1DA}.Debug|Any CPU.ActiveCfg = Debug|Any CPU
		{91D43BB6-22A2-4D4F-8531-7E35B5A8B1DA}.Debug|Any CPU.Build.0 = Debug|Any CPU
		{91D43BB6-22A2-4D4F-8531-7E35B5A8B1DA}.Release|Any CPU.ActiveCfg = Release|Any CPU
		{91D43BB6-22A2-4D4F-8531-7E35B5A8B1DA}.Release|Any CPU.Build.0 = Release|Any CPU
	EndGlobalSection
	GlobalSection(SolutionProperties) = preSolution
		HideSolutionNode = FALSE
	EndGlobalSection
	GlobalSection(ExtensibilityGlobals) = postSolution
		SolutionGuid = {98DB4959-B657-4D6D-927F-CD8AF2FED8D2}
	EndGlobalSection
EndGlobal
